
Microsoft Visual Studio Solution File, Format Version 12.00
# Visual Studio 15
VisualStudioVersion = 15.0.28010.2036
MinimumVisualStudioVersion = 10.0.40219.1
Project("{FAE04EC0-301F-11D3-BF4B-00C04F79EFBC}") = "CCTV_CameraCapture", "CCTV_CameraCapture\CCTV_CameraCapture.csproj", "{BC018E1F-2D46-406C-9346-A8191A81197E}"
EndProject
Global
	GlobalSection(SolutionConfigurationPlatforms) = preSolution
		Debug|Any CPU = Debug|Any CPU
		Release|Any CPU = Release|Any CPU
	EndGlobalSection
	GlobalSection(ProjectConfigurationPlatforms) = postSolution
		{BC018E1F-2D46-406C-9346-A8191A81197E}.Debug|Any CPU.ActiveCfg = Debug|Any CPU
		{BC018E1F-2D46-406C-9346-A8191A81197E}.Debug|Any CPU.Build.0 = Debug|Any CPU
		{BC018E1F-2D46-406C-9346-A8191A81197E}.Release|Any CPU.ActiveCfg = Release|Any CPU
		{BC018E1F-2D46-406C-9346-A8191A81197E}.Release|Any CPU.Build.0 = Release|Any CPU
	EndGlobalSection
	GlobalSection(SolutionProperties) = preSolution
		HideSolutionNode = FALSE
	EndGlobalSection
	GlobalSection(ExtensibilityGlobals) = postSolution
		SolutionGuid = {D190E363-378C-4AB9-BB0F-D3BCAA0472BD}
	EndGlobalSection
EndGlobal
